// !$*UTF8*$!
{
	archiveVersion = 1;
	classes = {
	};
	objectVersion = 56;
	objects = {

/* Begin PBXBuildFile section */
		8025B3A62CF7EBE400C1E208 /* MetronomeMacApp.swift in Sources */ = {isa = PBXBuildFile; fileRef = 8025B3A52CF7EBE400C1E208 /* MetronomeMacApp.swift */; };
		8025B3A82CF7EBE400C1E208 /* ContentView.swift in Sources */ = {isa = PBXBuildFile; fileRef = 8025B3A72CF7EBE400C1E208 /* ContentView.swift */; };
		8025B3AA2CF7EBE700C1E208 /* Assets.xcassets in Resources */ = {isa = PBXBuildFile; fileRef = 8025B3A92CF7EBE700C1E208 /* Assets.xcassets */; };
		8025B3AD2CF7EBE700C1E208 /* Preview Assets.xcassets in Resources */ = {isa = PBXBuildFile; fileRef = 8025B3AC2CF7EBE700C1E208 /* Preview Assets.xcassets */; };
		8025B3B72CF7EBE800C1E208 /* MetronomeMacTests.swift in Sources */ = {isa = PBXBuildFile; fileRef = 8025B3B62CF7EBE800C1E208 /* MetronomeMacTests.swift */; };
		8025B3C12CF7EBE800C1E208 /* MetronomeMacUITests.swift in Sources */ = {isa = PBXBuildFile; fileRef = 8025B3C02CF7EBE800C1E208 /* MetronomeMacUITests.swift */; };
		8025B3C32CF7EBE800C1E208 /* MetronomeMacUITestsLaunchTests.swift in Sources */ = {isa = PBXBuildFile; fileRef = 8025B3C22CF7EBE800C1E208 /* MetronomeMacUITestsLaunchTests.swift */; };
/* End PBXBuildFile section */

/* Begin PBXContainerItemProxy section */
		8025B3B32CF7EBE800C1E208 /* PBXContainerItemProxy */ = {
			isa = PBXContainerItemProxy;
			containerPortal = 8025B39A2CF7EBE400C1E208 /* Project object */;
			proxyType = 1;
			remoteGlobalIDString = 8025B3A12CF7EBE400C1E208;
			remoteInfo = MetronomeMac;
		};
		8025B3BD2CF7EBE800C1E208 /* PBXContainerItemProxy */ = {
			isa = PBXContainerItemProxy;
			containerPortal = 8025B39A2CF7EBE400C1E208 /* Project object */;
			proxyType = 1;
			remoteGlobalIDString = 8025B3A12CF7EBE400C1E208;
			remoteInfo = MetronomeMac;
		};
/* End PBXContainerItemProxy section */

/* Begin PBXFileReference section */
		8025B3A22CF7EBE400C1E208 /* MetronomeMac.app */ = {isa = PBXFileReference; explicitFileType = wrapper.application; includeInIndex = 0; path = MetronomeMac.app; sourceTree = BUILT_PRODUCTS_DIR; };
		8025B3A52CF7EBE400C1E208 /* MetronomeMacApp.swift */ = {isa = PBXFileReference; lastKnownFileType = sourcecode.swift; path = MetronomeMacApp.swift; sourceTree = "<group>"; };
		8025B3A72CF7EBE400C1E208 /* ContentView.swift */ = {isa = PBXFileReference; lastKnownFileType = sourcecode.swift; path = ContentView.swift; sourceTree = "<group>"; };
		8025B3A92CF7EBE700C1E208 /* Assets.xcassets */ = {isa = PBXFileReference; lastKnownFileType = folder.assetcatalog; path = Assets.xcassets; sourceTree = "<group>"; };
		8025B3AC2CF7EBE700C1E208 /* Preview Assets.xcassets */ = {isa = PBXFileReference; lastKnownFileType = folder.assetcatalog; path = "Preview Assets.xcassets"; sourceTree = "<group>"; };
		8025B3B22CF7EBE800C1E208 /* MetronomeMacTests.xctest */ = {isa = PBXFileReference; explicitFileType = wrapper.cfbundle; includeInIndex = 0; path = MetronomeMacTests.xctest; sourceTree = BUILT_PRODUCTS_DIR; };
		8025B3B62CF7EBE800C1E208 /* MetronomeMacTests.swift */ = {isa = PBXFileReference; lastKnownFileType = sourcecode.swift; path = MetronomeMacTests.swift; sourceTree = "<group>"; };
		8025B3BC2CF7EBE800C1E208 /* MetronomeMacUITests.xctest */ = {isa = PBXFileReference; explicitFileType = wrapper.cfbundle; includeInIndex = 0; path = MetronomeMacUITests.xctest; sourceTree = BUILT_PRODUCTS_DIR; };
		8025B3C02CF7EBE800C1E208 /* MetronomeMacUITests.swift */ = {isa = PBXFileReference; lastKnownFileType = sourcecode.swift; path = MetronomeMacUITests.swift; sourceTree = "<group>"; };
		8025B3C22CF7EBE800C1E208 /* MetronomeMacUITestsLaunchTests.swift */ = {isa = PBXFileReference; lastKnownFileType = sourcecode.swift; path = MetronomeMacUITestsLaunchTests.swift; sourceTree = "<group>"; };
/* End PBXFileReference section */

/* Begin PBXFrameworksBuildPhase section */
		8025B39F2CF7EBE400C1E208 /* Frameworks */ = {
			isa = PBXFrameworksBuildPhase;
			buildActionMask = 2147483647;
			files = (
			);
			runOnlyForDeploymentPostprocessing = 0;
		};
		8025B3AF2CF7EBE800C1E208 /* Frameworks */ = {
			isa = PBXFrameworksBuildPhase;
			buildActionMask = 2147483647;
			files = (
			);
			runOnlyForDeploymentPostprocessing = 0;
		};
		8025B3B92CF7EBE800C1E208 /* Frameworks */ = {
			isa = PBXFrameworksBuildPhase;
			buildActionMask = 2147483647;
			files = (
			);
			runOnlyForDeploymentPostprocessing = 0;
		};
/* End PBXFrameworksBuildPhase section */

/* Begin PBXGroup section */
		8025B3992CF7EBE400C1E208 = {
			isa = PBXGroup;
			children = (
				8025B3A42CF7EBE400C1E208 /* MetronomeMac */,
				8025B3B52CF7EBE800C1E208 /* MetronomeMacTests */,
				8025B3BF2CF7EBE800C1E208 /* MetronomeMacUITests */,
				8025B3A32CF7EBE400C1E208 /* Products */,
			);
			sourceTree = "<group>";
		};
		8025B3A32CF7EBE400C1E208 /* Products */ = {
			isa = PBXGroup;
			children = (
				8025B3A22CF7EBE400C1E208 /* MetronomeMac.app */,
				8025B3B22CF7EBE800C1E208 /* MetronomeMacTests.xctest */,
				8025B3BC2CF7EBE800C1E208 /* MetronomeMacUITests.xctest */,
			);
			name = Products;
			sourceTree = "<group>";
		};
		8025B3A42CF7EBE400C1E208 /* MetronomeMac */ = {
			isa = PBXGroup;
			children = (
				8025B3A52CF7EBE400C1E208 /* MetronomeMacApp.swift */,
				8025B3A72CF7EBE400C1E208 /* ContentView.swift */,
				8025B3A92CF7EBE700C1E208 /* Assets.xcassets */,
				8025B3AB2CF7EBE700C1E208 /* Preview Content */,
			);
			path = MetronomeMac;
			sourceTree = "<group>";
		};
		8025B3AB2CF7EBE700C1E208 /* Preview Content */ = {
			isa = PBXGroup;
			children = (
				8025B3AC2CF7EBE700C1E208 /* Preview Assets.xcassets */,
			);
			path = "Preview Content";
			sourceTree = "<group>";
		};
		8025B3B52CF7EBE800C1E208 /* MetronomeMacTests */ = {
			isa = PBXGroup;
			children = (
				8025B3B62CF7EBE800C1E208 /* MetronomeMacTests.swift */,
			);
			path = MetronomeMacTests;
			sourceTree = "<group>";
		};
		8025B3BF2CF7EBE800C1E208 /* MetronomeMacUITests */ = {
			isa = PBXGroup;
			children = (
				8025B3C02CF7EBE800C1E208 /* MetronomeMacUITests.swift */,
				8025B3C22CF7EBE800C1E208 /* MetronomeMacUITestsLaunchTests.swift */,
			);
			path = MetronomeMacUITests;
			sourceTree = "<group>";
		};
/* End PBXGroup section */

/* Begin PBXNativeTarget section */
		8025B3A12CF7EBE400C1E208 /* MetronomeMac */ = {
			isa = PBXNativeTarget;
			buildConfigurationList = 8025B3C62CF7EBE800C1E208 /* Build configuration list for PBXNativeTarget "MetronomeMac" */;
			buildPhases = (
				8025B39E2CF7EBE400C1E208 /* Sources */,
				8025B39F2CF7EBE400C1E208 /* Frameworks */,
				8025B3A02CF7EBE400C1E208 /* Resources */,
			);
			buildRules = (
			);
			dependencies = (
			);
			name = MetronomeMac;
			productName = MetronomeMac;
			productReference = 8025B3A22CF7EBE400C1E208 /* MetronomeMac.app */;
			productType = "com.apple.product-type.application";
		};
		8025B3B12CF7EBE800C1E208 /* MetronomeMacTests */ = {
			isa = PBXNativeTarget;
			buildConfigurationList = 8025B3C92CF7EBE800C1E208 /* Build configuration list for PBXNativeTarget "MetronomeMacTests" */;
			buildPhases = (
				8025B3AE2CF7EBE800C1E208 /* Sources */,
				8025B3AF2CF7EBE800C1E208 /* Frameworks */,
				8025B3B02CF7EBE800C1E208 /* Resources */,
			);
			buildRules = (
			);
			dependencies = (
				8025B3B42CF7EBE800C1E208 /* PBXTargetDependency */,
			);
			name = MetronomeMacTests;
			productName = MetronomeMacTests;
			productReference = 8025B3B22CF7EBE800C1E208 /* MetronomeMacTests.xctest */;
			productType = "com.apple.product-type.bundle.unit-test";
		};
		8025B3BB2CF7EBE800C1E208 /* MetronomeMacUITests */ = {
			isa = PBXNativeTarget;
			buildConfigurationList = 8025B3CC2CF7EBE800C1E208 /* Build configuration list for PBXNativeTarget "MetronomeMacUITests" */;
			buildPhases = (
				8025B3B82CF7EBE800C1E208 /* Sources */,
				8025B3B92CF7EBE800C1E208 /* Frameworks */,
				8025B3BA2CF7EBE800C1E208 /* Resources */,
			);
			buildRules = (
			);
			dependencies = (
				8025B3BE2CF7EBE800C1E208 /* PBXTargetDependency */,
			);
			name = MetronomeMacUITests;
			productName = MetronomeMacUITests;
			productReference = 8025B3BC2CF7EBE800C1E208 /* MetronomeMacUITests.xctest */;
			productType = "com.apple.product-type.bundle.ui-testing";
		};
/* End PBXNativeTarget section */

/* Begin PBXProject section */
		8025B39A2CF7EBE400C1E208 /* Project object */ = {
			isa = PBXProject;
			attributes = {
				BuildIndependentTargetsInParallel = 1;
				LastSwiftUpdateCheck = 1520;
				LastUpgradeCheck = 1520;
				TargetAttributes = {
					8025B3A12CF7EBE400C1E208 = {
						CreatedOnToolsVersion = 15.2;
					};
					8025B3B12CF7EBE800C1E208 = {
						CreatedOnToolsVersion = 15.2;
						TestTargetID = 8025B3A12CF7EBE400C1E208;
					};
					8025B3BB2CF7EBE800C1E208 = {
						CreatedOnToolsVersion = 15.2;
						TestTargetID = 8025B3A12CF7EBE400C1E208;
					};
				};
			};
			buildConfigurationList = 8025B39D2CF7EBE400C1E208 /* Build configuration list for PBXProject "MetronomeMac" */;
			compatibilityVersion = "Xcode 14.0";
			developmentRegion = en;
			hasScannedForEncodings = 0;
			knownRegions = (
				en,
				Base,
			);
			mainGroup = 8025B3992CF7EBE400C1E208;
			productRefGroup = 8025B3A32CF7EBE400C1E208 /* Products */;
			projectDirPath = "";
			projectRoot = "";
			targets = (
				8025B3A12CF7EBE400C1E208 /* MetronomeMac */,
				8025B3B12CF7EBE800C1E208 /* MetronomeMacTests */,
				8025B3BB2CF7EBE800C1E208 /* MetronomeMacUITests */,
			);
		};
/* End PBXProject section */

/* Begin PBXResourcesBuildPhase section */
		8025B3A02CF7EBE400C1E208 /* Resources */ = {
			isa = PBXResourcesBuildPhase;
			buildActionMask = 2147483647;
			files = (
				8025B3AD2CF7EBE700C1E208 /* Preview Assets.xcassets in Resources */,
				8025B3AA2CF7EBE700C1E208 /* Assets.xcassets in Resources */,
			);
			runOnlyForDeploymentPostprocessing = 0;
		};
		8025B3B02CF7EBE800C1E208 /* Resources */ = {
			isa = PBXResourcesBuildPhase;
			buildActionMask = 2147483647;
			files = (
			);
			runOnlyForDeploymentPostprocessing = 0;
		};
		8025B3BA2CF7EBE800C1E208 /* Resources */ = {
			isa = PBXResourcesBuildPhase;
			buildActionMask = 2147483647;
			files = (
			);
			runOnlyForDeploymentPostprocessing = 0;
		};
/* End PBXResourcesBuildPhase section */

/* Begin PBXSourcesBuildPhase section */
		8025B39E2CF7EBE400C1E208 /* Sources */ = {
			isa = PBXSourcesBuildPhase;
			buildActionMask = 2147483647;
			files = (
				8025B3A82CF7EBE400C1E208 /* ContentView.swift in Sources */,
				8025B3A62CF7EBE400C1E208 /* MetronomeMacApp.swift in Sources */,
			);
			runOnlyForDeploymentPostprocessing = 0;
		};
		8025B3AE2CF7EBE800C1E208 /* Sources */ = {
			isa = PBXSourcesBuildPhase;
			buildActionMask = 2147483647;
			files = (
				8025B3B72CF7EBE800C1E208 /* MetronomeMacTests.swift in Sources */,
			);
			runOnlyForDeploymentPostprocessing = 0;
		};
		8025B3B82CF7EBE800C1E208 /* Sources */ = {
			isa = PBXSourcesBuildPhase;
			buildActionMask = 2147483647;
			files = (
				8025B3C12CF7EBE800C1E208 /* MetronomeMacUITests.swift in Sources */,
				8025B3C32CF7EBE800C1E208 /* MetronomeMacUITestsLaunchTests.swift in Sources */,
			);
			runOnlyForDeploymentPostprocessing = 0;
		};
/* End PBXSourcesBuildPhase section */

/* Begin PBXTargetDependency section */
		8025B3B42CF7EBE800C1E208 /* PBXTargetDependency */ = {
			isa = PBXTargetDependency;
			target = 8025B3A12CF7EBE400C1E208 /* MetronomeMac */;
			targetProxy = 8025B3B32CF7EBE800C1E208 /* PBXContainerItemProxy */;
		};
		8025B3BE2CF7EBE800C1E208 /* PBXTargetDependency */ = {
			isa = PBXTargetDependency;
			target = 8025B3A12CF7EBE400C1E208 /* MetronomeMac */;
			targetProxy = 8025B3BD2CF7EBE800C1E208 /* PBXContainerItemProxy */;
		};
/* End PBXTargetDependency section */

/* Begin XCBuildConfiguration section */
		8025B3C42CF7EBE800C1E208 /* Debug */ = {
			isa = XCBuildConfiguration;
			buildSettings = {
				ALWAYS_SEARCH_USER_PATHS = NO;
				ASSETCATALOG_COMPILER_GENERATE_SWIFT_ASSET_SYMBOL_EXTENSIONS = YES;
				CLANG_ANALYZER_NONNULL = YES;
				CLANG_ANALYZER_NUMBER_OBJECT_CONVERSION = YES_AGGRESSIVE;
				CLANG_CXX_LANGUAGE_STANDARD = "gnu++20";
				CLANG_ENABLE_MODULES = YES;
				CLANG_ENABLE_OBJC_ARC = YES;
				CLANG_ENABLE_OBJC_WEAK = YES;
				CLANG_WARN_BLOCK_CAPTURE_AUTORELEASING = YES;
				CLANG_WARN_BOOL_CONVERSION = YES;
				CLANG_WARN_COMMA = YES;
				CLANG_WARN_CONSTANT_CONVERSION = YES;
				CLANG_WARN_DEPRECATED_OBJC_IMPLEMENTATIONS = YES;
				CLANG_WARN_DIRECT_OBJC_ISA_USAGE = YES_ERROR;
				CLANG_WARN_DOCUMENTATION_COMMENTS = YES;
				CLANG_WARN_EMPTY_BODY = YES;
				CLANG_WARN_ENUM_CONVERSION = YES;
				CLANG_WARN_INFINITE_RECURSION = YES;
				CLANG_WARN_INT_CONVERSION = YES;
				CLANG_WARN_NON_LITERAL_NULL_CONVERSION = YES;
				CLANG_WARN_OBJC_IMPLICIT_RETAIN_SELF = YES;
				CLANG_WARN_OBJC_LITERAL_CONVERSION = YES;
				CLANG_WARN_OBJC_ROOT_CLASS = YES_ERROR;
				CLANG_WARN_QUOTED_INCLUDE_IN_FRAMEWORK_HEADER = YES;
				CLANG_WARN_RANGE_LOOP_ANALYSIS = YES;
				CLANG_WARN_STRICT_PROTOTYPES = YES;
				CLANG_WARN_SUSPICIOUS_MOVE = YES;
				CLANG_WARN_UNGUARDED_AVAILABILITY = YES_AGGRESSIVE;
				CLANG_WARN_UNREACHABLE_CODE = YES;
				CLANG_WARN__DUPLICATE_METHOD_MATCH = YES;
				COPY_PHASE_STRIP = NO;
				DEBUG_INFORMATION_FORMAT = dwarf;
				ENABLE_STRICT_OBJC_MSGSEND = YES;
				ENABLE_TESTABILITY = YES;
				ENABLE_USER_SCRIPT_SANDBOXING = YES;
				GCC_C_LANGUAGE_STANDARD = gnu17;
				GCC_DYNAMIC_NO_PIC = NO;
				GCC_NO_COMMON_BLOCKS = YES;
				GCC_OPTIMIZATION_LEVEL = 0;
				GCC_PREPROCESSOR_DEFINITIONS = (
					"DEBUG=1",
					"$(inherited)",
				);
				GCC_WARN_64_TO_32_BIT_CONVERSION = YES;
				GCC_WARN_ABOUT_RETURN_TYPE = YES_ERROR;
				GCC_WARN_UNDECLARED_SELECTOR = YES;
				GCC_WARN_UNINITIALIZED_AUTOS = YES_AGGRESSIVE;
				GCC_WARN_UNUSED_FUNCTION = YES;
				GCC_WARN_UNUSED_VARIABLE = YES;
				IPHONEOS_DEPLOYMENT_TARGET = 17.2;
				LOCALIZATION_PREFERS_STRING_CATALOGS = YES;
				MTL_ENABLE_DEBUG_INFO = INCLUDE_SOURCE;
				MTL_FAST_MATH = YES;
				ONLY_ACTIVE_ARCH = YES;
				SDKROOT = iphoneos;
				SWIFT_ACTIVE_COMPILATION_CONDITIONS = "DEBUG $(inherited)";
				SWIFT_OPTIMIZATION_LEVEL = "-Onone";
			};
			name = Debug;
		};
		8025B3C52CF7EBE800C1E208 /* Release */ = {
			isa = XCBuildConfiguration;
			buildSettings = {
				ALWAYS_SEARCH_USER_PATHS = NO;
				ASSETCATALOG_COMPILER_GENERATE_SWIFT_ASSET_SYMBOL_EXTENSIONS = YES;
				CLANG_ANALYZER_NONNULL = YES;
				CLANG_ANALYZER_NUMBER_OBJECT_CONVERSION = YES_AGGRESSIVE;
				CLANG_CXX_LANGUAGE_STANDARD = "gnu++20";
				CLANG_ENABLE_MODULES = YES;
				CLANG_ENABLE_OBJC_ARC = YES;
				CLANG_ENABLE_OBJC_WEAK = YES;
				CLANG_WARN_BLOCK_CAPTURE_AUTORELEASING = YES;
				CLANG_WARN_BOOL_CONVERSION = YES;
				CLANG_WARN_COMMA = YES;
				CLANG_WARN_CONSTANT_CONVERSION = YES;
				CLANG_WARN_DEPRECATED_OBJC_IMPLEMENTATIONS = YES;
				CLANG_WARN_DIRECT_OBJC_ISA_USAGE = YES_ERROR;
				CLANG_WARN_DOCUMENTATION_COMMENTS = YES;
				CLANG_WARN_EMPTY_BODY = YES;
				CLANG_WARN_ENUM_CONVERSION = YES;
				CLANG_WARN_INFINITE_RECURSION = YES;
				CLANG_WARN_INT_CONVERSION = YES;
				CLANG_WARN_NON_LITERAL_NULL_CONVERSION = YES;
				CLANG_WARN_OBJC_IMPLICIT_RETAIN_SELF = YES;
				CLANG_WARN_OBJC_LITERAL_CONVERSION = YES;
				CLANG_WARN_OBJC_ROOT_CLASS = YES_ERROR;
				CLANG_WARN_QUOTED_INCLUDE_IN_FRAMEWORK_HEADER = YES;
				CLANG_WARN_RANGE_LOOP_ANALYSIS = YES;
				CLANG_WARN_STRICT_PROTOTYPES = YES;
				CLANG_WARN_SUSPICIOUS_MOVE = YES;
				CLANG_WARN_UNGUARDED_AVAILABILITY = YES_AGGRESSIVE;
				CLANG_WARN_UNREACHABLE_CODE = YES;
				CLANG_WARN__DUPLICATE_METHOD_MATCH = YES;
				COPY_PHASE_STRIP = NO;
				DEBUG_INFORMATION_FORMAT = "dwarf-with-dsym";
				ENABLE_NS_ASSERTIONS = NO;
				ENABLE_STRICT_OBJC_MSGSEND = YES;
				ENABLE_USER_SCRIPT_SANDBOXING = YES;
				GCC_C_LANGUAGE_STANDARD = gnu17;
				GCC_NO_COMMON_BLOCKS = YES;
				GCC_WARN_64_TO_32_BIT_CONVERSION = YES;
				GCC_WARN_ABOUT_RETURN_TYPE = YES_ERROR;
				GCC_WARN_UNDECLARED_SELECTOR = YES;
				GCC_WARN_UNINITIALIZED_AUTOS = YES_AGGRESSIVE;
				GCC_WARN_UNUSED_FUNCTION = YES;
				GCC_WARN_UNUSED_VARIABLE = YES;
				IPHONEOS_DEPLOYMENT_TARGET = 17.2;
				LOCALIZATION_PREFERS_STRING_CATALOGS = YES;
				MTL_ENABLE_DEBUG_INFO = NO;
				MTL_FAST_MATH = YES;
				SDKROOT = iphoneos;
				SWIFT_COMPILATION_MODE = wholemodule;
				VALIDATE_PRODUCT = YES;
			};
			name = Release;
		};
		8025B3C72CF7EBE800C1E208 /* Debug */ = {
			isa = XCBuildConfiguration;
			buildSettings = {
				ASSETCATALOG_COMPILER_APPICON_NAME = AppIcon;
				ASSETCATALOG_COMPILER_GLOBAL_ACCENT_COLOR_NAME = AccentColor;
				CODE_SIGN_STYLE = Automatic;
				CURRENT_PROJECT_VERSION = 1;
				DEVELOPMENT_ASSET_PATHS = "\"MetronomeMac/Preview Content\"";
				ENABLE_PREVIEWS = YES;
				GENERATE_INFOPLIST_FILE = YES;
				INFOPLIST_KEY_UIApplicationSceneManifest_Generation = YES;
				INFOPLIST_KEY_UIApplicationSupportsIndirectInputEvents = YES;
				INFOPLIST_KEY_UILaunchScreen_Generation = YES;
				INFOPLIST_KEY_UISupportedInterfaceOrientations_iPad = "UIInterfaceOrientationPortrait UIInterfaceOrientationPortraitUpsideDown UIInterfaceOrientationLandscapeLeft UIInterfaceOrientationLandscapeRight";
				INFOPLIST_KEY_UISupportedInterfaceOrientations_iPhone = "UIInterfaceOrientationPortrait UIInterfaceOrientationLandscapeLeft UIInterfaceOrientationLandscapeRight";
				LD_RUNPATH_SEARCH_PATHS = (
					"$(inherited)",
					"@executable_path/Frameworks",
				);
				MARKETING_VERSION = 1.0;
				PRODUCT_BUNDLE_IDENTIFIER = "Layer-V-Studio.MetronomeMac";
				PRODUCT_NAME = "$(TARGET_NAME)";
				SWIFT_EMIT_LOC_STRINGS = YES;
				SWIFT_VERSION = 5.0;
				TARGETED_DEVICE_FAMILY = "1,2";
			};
			name = Debug;
		};
		8025B3C82CF7EBE800C1E208 /* Release */ = {
			isa = XCBuildConfiguration;
			buildSettings = {
				ASSETCATALOG_COMPILER_APPICON_NAME = AppIcon;
				ASSETCATALOG_COMPILER_GLOBAL_ACCENT_COLOR_NAME = AccentColor;
				CODE_SIGN_STYLE = Automatic;
				CURRENT_PROJECT_VERSION = 1;
				DEVELOPMENT_ASSET_PATHS = "\"MetronomeMac/Preview Content\"";
				ENABLE_PREVIEWS = YES;
				GENERATE_INFOPLIST_FILE = YES;
				INFOPLIST_KEY_UIApplicationSceneManifest_Generation = YES;
				INFOPLIST_KEY_UIApplicationSupportsIndirectInputEvents = YES;
				INFOPLIST_KEY_UILaunchScreen_Generation = YES;
				INFOPLIST_KEY_UISupportedInterfaceOrientations_iPad = "UIInterfaceOrientationPortrait UIInterfaceOrientationPortraitUpsideDown UIInterfaceOrientationLandscapeLeft UIInterfaceOrientationLandscapeRight";
				INFOPLIST_KEY_UISupportedInterfaceOrientations_iPhone = "UIInterfaceOrientationPortrait UIInterfaceOrientationLandscapeLeft UIInterfaceOrientationLandscapeRight";
				LD_RUNPATH_SEARCH_PATHS = (
					"$(inherited)",
					"@executable_path/Frameworks",
				);
				MARKETING_VERSION = 1.0;
				PRODUCT_BUNDLE_IDENTIFIER = "Layer-V-Studio.MetronomeMac";
				PRODUCT_NAME = "$(TARGET_NAME)";
				SWIFT_EMIT_LOC_STRINGS = YES;
				SWIFT_VERSION = 5.0;
				TARGETED_DEVICE_FAMILY = "1,2";
			};
			name = Release;
		};
		8025B3CA2CF7EBE800C1E208 /* Debug */ = {
			isa = XCBuildConfiguration;
			buildSettings = {
				ALWAYS_EMBED_SWIFT_STANDARD_LIBRARIES = YES;
				BUNDLE_LOADER = "$(TEST_HOST)";
				CODE_SIGN_STYLE = Automatic;
				CURRENT_PROJECT_VERSION = 1;
				GENERATE_INFOPLIST_FILE = YES;
				IPHONEOS_DEPLOYMENT_TARGET = 17.2;
				MARKETING_VERSION = 1.0;
				PRODUCT_BUNDLE_IDENTIFIER = "Layer-V-Studio.MetronomeMacTests";
				PRODUCT_NAME = "$(TARGET_NAME)";
				SWIFT_EMIT_LOC_STRINGS = NO;
				SWIFT_VERSION = 5.0;
				TARGETED_DEVICE_FAMILY = "1,2";
				TEST_HOST = "$(BUILT_PRODUCTS_DIR)/MetronomeMac.app/$(BUNDLE_EXECUTABLE_FOLDER_PATH)/MetronomeMac";
			};
			name = Debug;
		};
		8025B3CB2CF7EBE800C1E208 /* Release */ = {
			isa = XCBuildConfiguration;
			buildSettings = {
				ALWAYS_EMBED_SWIFT_STANDARD_LIBRARIES = YES;
				BUNDLE_LOADER = "$(TEST_HOST)";
				CODE_SIGN_STYLE = Automatic;
				CURRENT_PROJECT_VERSION = 1;
				GENERATE_INFOPLIST_FILE = YES;
				IPHONEOS_DEPLOYMENT_TARGET = 17.2;
				MARKETING_VERSION = 1.0;
				PRODUCT_BUNDLE_IDENTIFIER = "Layer-V-Studio.MetronomeMacTests";
				PRODUCT_NAME = "$(TARGET_NAME)";
				SWIFT_EMIT_LOC_STRINGS = NO;
				SWIFT_VERSION = 5.0;
				TARGETED_DEVICE_FAMILY = "1,2";
				TEST_HOST = "$(BUILT_PRODUCTS_DIR)/MetronomeMac.app/$(BUNDLE_EXECUTABLE_FOLDER_PATH)/MetronomeMac";
			};
			name = Release;
		};
		8025B3CD2CF7EBE800C1E208 /* Debug */ = {
			isa = XCBuildConfiguration;
			buildSettings = {
				ALWAYS_EMBED_SWIFT_STANDARD_LIBRARIES = YES;
				CODE_SIGN_STYLE = Automatic;
				CURRENT_PROJECT_VERSION = 1;
				GENERATE_INFOPLIST_FILE = YES;
				MARKETING_VERSION = 1.0;
				PRODUCT_BUNDLE_IDENTIFIER = "Layer-V-Studio.MetronomeMacUITests";
				PRODUCT_NAME = "$(TARGET_NAME)";
				SWIFT_EMIT_LOC_STRINGS = NO;
				SWIFT_VERSION = 5.0;
				TARGETED_DEVICE_FAMILY = "1,2";
				TEST_TARGET_NAME = MetronomeMac;
			};
			name = Debug;
		};
		8025B3CE2CF7EBE800C1E208 /* Release */ = {
			isa = XCBuildConfiguration;
			buildSettings = {
				ALWAYS_EMBED_SWIFT_STANDARD_LIBRARIES = YES;
				CODE_SIGN_STYLE = Automatic;
				CURRENT_PROJECT_VERSION = 1;
				GENERATE_INFOPLIST_FILE = YES;
				MARKETING_VERSION = 1.0;
				PRODUCT_BUNDLE_IDENTIFIER = "Layer-V-Studio.MetronomeMacUITests";
				PRODUCT_NAME = "$(TARGET_NAME)";
				SWIFT_EMIT_LOC_STRINGS = NO;
				SWIFT_VERSION = 5.0;
				TARGETED_DEVICE_FAMILY = "1,2";
				TEST_TARGET_NAME = MetronomeMac;
			};
			name = Release;
		};
/* End XCBuildConfiguration section */

/* Begin XCConfigurationList section */
		8025B39D2CF7EBE400C1E208 /* Build configuration list for PBXProject "MetronomeMac" */ = {
			isa = XCConfigurationList;
			buildConfigurations = (
				8025B3C42CF7EBE800C1E208 /* Debug */,
				8025B3C52CF7EBE800C1E208 /* Release */,
			);
			defaultConfigurationIsVisible = 0;
			defaultConfigurationName = Release;
		};
		8025B3C62CF7EBE800C1E208 /* Build configuration list for PBXNativeTarget "MetronomeMac" */ = {
			isa = XCConfigurationList;
			buildConfigurations = (
				8025B3C72CF7EBE800C1E208 /* Debug */,
				8025B3C82CF7EBE800C1E208 /* Release */,
			);
			defaultConfigurationIsVisible = 0;
			defaultConfigurationName = Release;
		};
		8025B3C92CF7EBE800C1E208 /* Build configuration list for PBXNativeTarget "MetronomeMacTests" */ = {
			isa = XCConfigurationList;
			buildConfigurations = (
				8025B3CA2CF7EBE800C1E208 /* Debug */,
				8025B3CB2CF7EBE800C1E208 /* Release */,
			);
			defaultConfigurationIsVisible = 0;
			defaultConfigurationName = Release;
		};
		8025B3CC2CF7EBE800C1E208 /* Build configuration list for PBXNativeTarget "MetronomeMacUITests" */ = {
			isa = XCConfigurationList;
			buildConfigurations = (
				8025B3CD2CF7EBE800C1E208 /* Debug */,
				8025B3CE2CF7EBE800C1E208 /* Release */,
			);
			defaultConfigurationIsVisible = 0;
			defaultConfigurationName = Release;
		};
/* End XCConfigurationList section */
	};
	rootObject = 8025B39A2CF7EBE400C1E208 /* Project object */;
}
